// !$*UTF8*$!
{
	archiveVersion = 1;
	classes = {
	};
	objectVersion = 56;
	objects = {

/* Begin PBXBuildFile section */
		42B40E872A17FE7C0066A296 /* AppShackCCApp.swift in Sources */ = {isa = PBXBuildFile; fileRef = 42B40E862A17FE7C0066A296 /* AppShackCCApp.swift */; };
		42B40E892A17FE7C0066A296 /* ContentView.swift in Sources */ = {isa = PBXBuildFile; fileRef = 42B40E882A17FE7C0066A296 /* ContentView.swift */; };
		42B40E8B2A17FE7D0066A296 /* Assets.xcassets in Resources */ = {isa = PBXBuildFile; fileRef = 42B40E8A2A17FE7D0066A296 /* Assets.xcassets */; };
		42B40E8E2A17FE7D0066A296 /* Preview Assets.xcassets in Resources */ = {isa = PBXBuildFile; fileRef = 42B40E8D2A17FE7D0066A296 /* Preview Assets.xcassets */; };
		42B40E982A17FE7D0066A296 /* AppShackCCTests.swift in Sources */ = {isa = PBXBuildFile; fileRef = 42B40E972A17FE7D0066A296 /* AppShackCCTests.swift */; };
		42B40EA22A17FE7D0066A296 /* AppShackCCUITests.swift in Sources */ = {isa = PBXBuildFile; fileRef = 42B40EA12A17FE7D0066A296 /* AppShackCCUITests.swift */; };
		42B40EA42A17FE7D0066A296 /* AppShackCCUITestsLaunchTests.swift in Sources */ = {isa = PBXBuildFile; fileRef = 42B40EA32A17FE7D0066A296 /* AppShackCCUITestsLaunchTests.swift */; };
		42B40EB22A17FEBE0066A296 /* HomeScreen.swift in Sources */ = {isa = PBXBuildFile; fileRef = 42B40EB12A17FEBE0066A296 /* HomeScreen.swift */; };
		42B40EB42A17FED10066A296 /* CodexScreen.swift in Sources */ = {isa = PBXBuildFile; fileRef = 42B40EB32A17FED10066A296 /* CodexScreen.swift */; };
		42B40EB62A17FEE80066A296 /* ProfileScreen.swift in Sources */ = {isa = PBXBuildFile; fileRef = 42B40EB52A17FEE80066A296 /* ProfileScreen.swift */; };
		42B40EB92A1800470066A296 /* Network.swift in Sources */ = {isa = PBXBuildFile; fileRef = 42B40EB82A1800470066A296 /* Network.swift */; };
		42B40EBB2A18016A0066A296 /* Endpoints.swift in Sources */ = {isa = PBXBuildFile; fileRef = 42B40EBA2A18016A0066A296 /* Endpoints.swift */; };
		42B40EBE2A18E5940066A296 /* Pokemon.swift in Sources */ = {isa = PBXBuildFile; fileRef = 42B40EBD2A18E5940066A296 /* Pokemon.swift */; };
		42B40EC32A1901BD0066A296 /* HomeScreen+ViewModel.swift in Sources */ = {isa = PBXBuildFile; fileRef = 42B40EC22A1901BD0066A296 /* HomeScreen+ViewModel.swift */; };
		42B40EC62A19224A0066A296 /* SkeletonUI in Frameworks */ = {isa = PBXBuildFile; productRef = 42B40EC52A19224A0066A296 /* SkeletonUI */; };
		42B40ECA2A192F280066A296 /* PokemonDetailScreen.swift in Sources */ = {isa = PBXBuildFile; fileRef = 42B40EC92A192F280066A296 /* PokemonDetailScreen.swift */; };
		42B40ECC2A1939AE0066A296 /* PokedexResult.swift in Sources */ = {isa = PBXBuildFile; fileRef = 42B40ECB2A1939AE0066A296 /* PokedexResult.swift */; };
		42B40ECE2A193A080066A296 /* BaseNameURL.swift in Sources */ = {isa = PBXBuildFile; fileRef = 42B40ECD2A193A080066A296 /* BaseNameURL.swift */; };
/* End PBXBuildFile section */

/* Begin PBXContainerItemProxy section */
		42B40E942A17FE7D0066A296 /* PBXContainerItemProxy */ = {
			isa = PBXContainerItemProxy;
			containerPortal = 42B40E7B2A17FE7C0066A296 /* Project object */;
			proxyType = 1;
			remoteGlobalIDString = 42B40E822A17FE7C0066A296;
			remoteInfo = AppShackCC;
		};
		42B40E9E2A17FE7D0066A296 /* PBXContainerItemProxy */ = {
			isa = PBXContainerItemProxy;
			containerPortal = 42B40E7B2A17FE7C0066A296 /* Project object */;
			proxyType = 1;
			remoteGlobalIDString = 42B40E822A17FE7C0066A296;
			remoteInfo = AppShackCC;
		};
/* End PBXContainerItemProxy section */

/* Begin PBXFileReference section */
		42B40E832A17FE7C0066A296 /* AppShackCC.app */ = {isa = PBXFileReference; explicitFileType = wrapper.application; includeInIndex = 0; path = AppShackCC.app; sourceTree = BUILT_PRODUCTS_DIR; };
		42B40E862A17FE7C0066A296 /* AppShackCCApp.swift */ = {isa = PBXFileReference; lastKnownFileType = sourcecode.swift; path = AppShackCCApp.swift; sourceTree = "<group>"; };
		42B40E882A17FE7C0066A296 /* ContentView.swift */ = {isa = PBXFileReference; lastKnownFileType = sourcecode.swift; path = ContentView.swift; sourceTree = "<group>"; };
		42B40E8A2A17FE7D0066A296 /* Assets.xcassets */ = {isa = PBXFileReference; lastKnownFileType = folder.assetcatalog; path = Assets.xcassets; sourceTree = "<group>"; };
		42B40E8D2A17FE7D0066A296 /* Preview Assets.xcassets */ = {isa = PBXFileReference; lastKnownFileType = folder.assetcatalog; path = "Preview Assets.xcassets"; sourceTree = "<group>"; };
		42B40E932A17FE7D0066A296 /* AppShackCCTests.xctest */ = {isa = PBXFileReference; explicitFileType = wrapper.cfbundle; includeInIndex = 0; path = AppShackCCTests.xctest; sourceTree = BUILT_PRODUCTS_DIR; };
		42B40E972A17FE7D0066A296 /* AppShackCCTests.swift */ = {isa = PBXFileReference; lastKnownFileType = sourcecode.swift; path = AppShackCCTests.swift; sourceTree = "<group>"; };
		42B40E9D2A17FE7D0066A296 /* AppShackCCUITests.xctest */ = {isa = PBXFileReference; explicitFileType = wrapper.cfbundle; includeInIndex = 0; path = AppShackCCUITests.xctest; sourceTree = BUILT_PRODUCTS_DIR; };
		42B40EA12A17FE7D0066A296 /* AppShackCCUITests.swift */ = {isa = PBXFileReference; lastKnownFileType = sourcecode.swift; path = AppShackCCUITests.swift; sourceTree = "<group>"; };
		42B40EA32A17FE7D0066A296 /* AppShackCCUITestsLaunchTests.swift */ = {isa = PBXFileReference; lastKnownFileType = sourcecode.swift; path = AppShackCCUITestsLaunchTests.swift; sourceTree = "<group>"; };
		42B40EB12A17FEBE0066A296 /* HomeScreen.swift */ = {isa = PBXFileReference; lastKnownFileType = sourcecode.swift; path = HomeScreen.swift; sourceTree = "<group>"; };
		42B40EB32A17FED10066A296 /* CodexScreen.swift */ = {isa = PBXFileReference; lastKnownFileType = sourcecode.swift; path = CodexScreen.swift; sourceTree = "<group>"; };
		42B40EB52A17FEE80066A296 /* ProfileScreen.swift */ = {isa = PBXFileReference; lastKnownFileType = sourcecode.swift; path = ProfileScreen.swift; sourceTree = "<group>"; };
		42B40EB82A1800470066A296 /* Network.swift */ = {isa = PBXFileReference; lastKnownFileType = sourcecode.swift; path = Network.swift; sourceTree = "<group>"; };
		42B40EBA2A18016A0066A296 /* Endpoints.swift */ = {isa = PBXFileReference; lastKnownFileType = sourcecode.swift; path = Endpoints.swift; sourceTree = "<group>"; };
		42B40EBD2A18E5940066A296 /* Pokemon.swift */ = {isa = PBXFileReference; lastKnownFileType = sourcecode.swift; path = Pokemon.swift; sourceTree = "<group>"; };
		42B40EC22A1901BD0066A296 /* HomeScreen+ViewModel.swift */ = {isa = PBXFileReference; lastKnownFileType = sourcecode.swift; path = "HomeScreen+ViewModel.swift"; sourceTree = "<group>"; };
		42B40EC92A192F280066A296 /* PokemonDetailScreen.swift */ = {isa = PBXFileReference; lastKnownFileType = sourcecode.swift; path = PokemonDetailScreen.swift; sourceTree = "<group>"; };
		42B40ECB2A1939AE0066A296 /* PokedexResult.swift */ = {isa = PBXFileReference; lastKnownFileType = sourcecode.swift; path = PokedexResult.swift; sourceTree = "<group>"; };
		42B40ECD2A193A080066A296 /* BaseNameURL.swift */ = {isa = PBXFileReference; lastKnownFileType = sourcecode.swift; path = BaseNameURL.swift; sourceTree = "<group>"; };
/* End PBXFileReference section */

/* Begin PBXFrameworksBuildPhase section */
		42B40E802A17FE7C0066A296 /* Frameworks */ = {
			isa = PBXFrameworksBuildPhase;
			buildActionMask = 2147483647;
			files = (
				42B40EC62A19224A0066A296 /* SkeletonUI in Frameworks */,
			);
			runOnlyForDeploymentPostprocessing = 0;
		};
		42B40E902A17FE7D0066A296 /* Frameworks */ = {
			isa = PBXFrameworksBuildPhase;
			buildActionMask = 2147483647;
			files = (
			);
			runOnlyForDeploymentPostprocessing = 0;
		};
		42B40E9A2A17FE7D0066A296 /* Frameworks */ = {
			isa = PBXFrameworksBuildPhase;
			buildActionMask = 2147483647;
			files = (
			);
			runOnlyForDeploymentPostprocessing = 0;
		};
/* End PBXFrameworksBuildPhase section */

/* Begin PBXGroup section */
		42B40E7A2A17FE7C0066A296 = {
			isa = PBXGroup;
			children = (
				42B40E852A17FE7C0066A296 /* AppShackCC */,
				42B40E962A17FE7D0066A296 /* AppShackCCTests */,
				42B40EA02A17FE7D0066A296 /* AppShackCCUITests */,
				42B40E842A17FE7C0066A296 /* Products */,
			);
			sourceTree = "<group>";
		};
		42B40E842A17FE7C0066A296 /* Products */ = {
			isa = PBXGroup;
			children = (
				42B40E832A17FE7C0066A296 /* AppShackCC.app */,
				42B40E932A17FE7D0066A296 /* AppShackCCTests.xctest */,
				42B40E9D2A17FE7D0066A296 /* AppShackCCUITests.xctest */,
			);
			name = Products;
			sourceTree = "<group>";
		};
		42B40E852A17FE7C0066A296 /* AppShackCC */ = {
			isa = PBXGroup;
			children = (
				42B40EC12A1901950066A296 /* ViewModel */,
				42B40EBC2A18E57F0066A296 /* Model */,
				42B40EB72A1800340066A296 /* Utils */,
				42B40EB02A17FE980066A296 /* View */,
				42B40E862A17FE7C0066A296 /* AppShackCCApp.swift */,
				42B40E882A17FE7C0066A296 /* ContentView.swift */,
				42B40E8A2A17FE7D0066A296 /* Assets.xcassets */,
				42B40E8C2A17FE7D0066A296 /* Preview Content */,
			);
			path = AppShackCC;
			sourceTree = "<group>";
		};
		42B40E8C2A17FE7D0066A296 /* Preview Content */ = {
			isa = PBXGroup;
			children = (
				42B40E8D2A17FE7D0066A296 /* Preview Assets.xcassets */,
			);
			path = "Preview Content";
			sourceTree = "<group>";
		};
		42B40E962A17FE7D0066A296 /* AppShackCCTests */ = {
			isa = PBXGroup;
			children = (
				42B40E972A17FE7D0066A296 /* AppShackCCTests.swift */,
			);
			path = AppShackCCTests;
			sourceTree = "<group>";
		};
		42B40EA02A17FE7D0066A296 /* AppShackCCUITests */ = {
			isa = PBXGroup;
			children = (
				42B40EA12A17FE7D0066A296 /* AppShackCCUITests.swift */,
				42B40EA32A17FE7D0066A296 /* AppShackCCUITestsLaunchTests.swift */,
			);
			path = AppShackCCUITests;
			sourceTree = "<group>";
		};
		42B40EB02A17FE980066A296 /* View */ = {
			isa = PBXGroup;
			children = (
				42B40EB12A17FEBE0066A296 /* HomeScreen.swift */,
				42B40EB32A17FED10066A296 /* CodexScreen.swift */,
				42B40EB52A17FEE80066A296 /* ProfileScreen.swift */,
				42B40EC92A192F280066A296 /* PokemonDetailScreen.swift */,
			);
			path = View;
			sourceTree = "<group>";
		};
		42B40EB72A1800340066A296 /* Utils */ = {
			isa = PBXGroup;
			children = (
				42B40EB82A1800470066A296 /* Network.swift */,
				42B40EBA2A18016A0066A296 /* Endpoints.swift */,
			);
			path = Utils;
			sourceTree = "<group>";
		};
		42B40EBC2A18E57F0066A296 /* Model */ = {
			isa = PBXGroup;
			children = (
				42B40EBD2A18E5940066A296 /* Pokemon.swift */,
				42B40ECB2A1939AE0066A296 /* PokedexResult.swift */,
				42B40ECD2A193A080066A296 /* BaseNameURL.swift */,
			);
			path = Model;
			sourceTree = "<group>";
		};
		42B40EC12A1901950066A296 /* ViewModel */ = {
			isa = PBXGroup;
			children = (
				42B40EC22A1901BD0066A296 /* HomeScreen+ViewModel.swift */,
			);
			path = ViewModel;
			sourceTree = "<group>";
		};
/* End PBXGroup section */

/* Begin PBXNativeTarget section */
		42B40E822A17FE7C0066A296 /* AppShackCC */ = {
			isa = PBXNativeTarget;
			buildConfigurationList = 42B40EA72A17FE7D0066A296 /* Build configuration list for PBXNativeTarget "AppShackCC" */;
			buildPhases = (
				42B40E7F2A17FE7C0066A296 /* Sources */,
				42B40E802A17FE7C0066A296 /* Frameworks */,
				42B40E812A17FE7C0066A296 /* Resources */,
			);
			buildRules = (
			);
			dependencies = (
			);
			name = AppShackCC;
			packageProductDependencies = (
				42B40EC52A19224A0066A296 /* SkeletonUI */,
			);
			productName = AppShackCC;
			productReference = 42B40E832A17FE7C0066A296 /* AppShackCC.app */;
			productType = "com.apple.product-type.application";
		};
		42B40E922A17FE7D0066A296 /* AppShackCCTests */ = {
			isa = PBXNativeTarget;
			buildConfigurationList = 42B40EAA2A17FE7D0066A296 /* Build configuration list for PBXNativeTarget "AppShackCCTests" */;
			buildPhases = (
				42B40E8F2A17FE7D0066A296 /* Sources */,
				42B40E902A17FE7D0066A296 /* Frameworks */,
				42B40E912A17FE7D0066A296 /* Resources */,
			);
			buildRules = (
			);
			dependencies = (
				42B40E952A17FE7D0066A296 /* PBXTargetDependency */,
			);
			name = AppShackCCTests;
			productName = AppShackCCTests;
			productReference = 42B40E932A17FE7D0066A296 /* AppShackCCTests.xctest */;
			productType = "com.apple.product-type.bundle.unit-test";
		};
		42B40E9C2A17FE7D0066A296 /* AppShackCCUITests */ = {
			isa = PBXNativeTarget;
			buildConfigurationList = 42B40EAD2A17FE7D0066A296 /* Build configuration list for PBXNativeTarget "AppShackCCUITests" */;
			buildPhases = (
				42B40E992A17FE7D0066A296 /* Sources */,
				42B40E9A2A17FE7D0066A296 /* Frameworks */,
				42B40E9B2A17FE7D0066A296 /* Resources */,
			);
			buildRules = (
			);
			dependencies = (
				42B40E9F2A17FE7D0066A296 /* PBXTargetDependency */,
			);
			name = AppShackCCUITests;
			productName = AppShackCCUITests;
			productReference = 42B40E9D2A17FE7D0066A296 /* AppShackCCUITests.xctest */;
			productType = "com.apple.product-type.bundle.ui-testing";
		};
/* End PBXNativeTarget section */

/* Begin PBXProject section */
		42B40E7B2A17FE7C0066A296 /* Project object */ = {
			isa = PBXProject;
			attributes = {
				BuildIndependentTargetsInParallel = 1;
				LastSwiftUpdateCheck = 1430;
				LastUpgradeCheck = 1430;
				TargetAttributes = {
					42B40E822A17FE7C0066A296 = {
						CreatedOnToolsVersion = 14.3;
					};
					42B40E922A17FE7D0066A296 = {
						CreatedOnToolsVersion = 14.3;
						TestTargetID = 42B40E822A17FE7C0066A296;
					};
					42B40E9C2A17FE7D0066A296 = {
						CreatedOnToolsVersion = 14.3;
						TestTargetID = 42B40E822A17FE7C0066A296;
					};
				};
			};
			buildConfigurationList = 42B40E7E2A17FE7C0066A296 /* Build configuration list for PBXProject "AppShackCC" */;
			compatibilityVersion = "Xcode 14.0";
			developmentRegion = en;
			hasScannedForEncodings = 0;
			knownRegions = (
				en,
				Base,
			);
			mainGroup = 42B40E7A2A17FE7C0066A296;
			packageReferences = (
				42B40EC42A1922490066A296 /* XCRemoteSwiftPackageReference "SkeletonUI" */,
			);
			productRefGroup = 42B40E842A17FE7C0066A296 /* Products */;
			projectDirPath = "";
			projectRoot = "";
			targets = (
				42B40E822A17FE7C0066A296 /* AppShackCC */,
				42B40E922A17FE7D0066A296 /* AppShackCCTests */,
				42B40E9C2A17FE7D0066A296 /* AppShackCCUITests */,
			);
		};
/* End PBXProject section */

/* Begin PBXResourcesBuildPhase section */
		42B40E812A17FE7C0066A296 /* Resources */ = {
			isa = PBXResourcesBuildPhase;
			buildActionMask = 2147483647;
			files = (
				42B40E8E2A17FE7D0066A296 /* Preview Assets.xcassets in Resources */,
				42B40E8B2A17FE7D0066A296 /* Assets.xcassets in Resources */,
			);
			runOnlyForDeploymentPostprocessing = 0;
		};
		42B40E912A17FE7D0066A296 /* Resources */ = {
			isa = PBXResourcesBuildPhase;
			buildActionMask = 2147483647;
			files = (
			);
			runOnlyForDeploymentPostprocessing = 0;
		};
		42B40E9B2A17FE7D0066A296 /* Resources */ = {
			isa = PBXResourcesBuildPhase;
			buildActionMask = 2147483647;
			files = (
			);
			runOnlyForDeploymentPostprocessing = 0;
		};
/* End PBXResourcesBuildPhase section */

/* Begin PBXSourcesBuildPhase section */
		42B40E7F2A17FE7C0066A296 /* Sources */ = {
			isa = PBXSourcesBuildPhase;
			buildActionMask = 2147483647;
			files = (
				42B40E892A17FE7C0066A296 /* ContentView.swift in Sources */,
				42B40EBE2A18E5940066A296 /* Pokemon.swift in Sources */,
				42B40E872A17FE7C0066A296 /* AppShackCCApp.swift in Sources */,
				42B40ECE2A193A080066A296 /* BaseNameURL.swift in Sources */,
				42B40EB92A1800470066A296 /* Network.swift in Sources */,
				42B40EBB2A18016A0066A296 /* Endpoints.swift in Sources */,
				42B40EB22A17FEBE0066A296 /* HomeScreen.swift in Sources */,
				42B40ECC2A1939AE0066A296 /* PokedexResult.swift in Sources */,
				42B40EB42A17FED10066A296 /* CodexScreen.swift in Sources */,
				42B40EB62A17FEE80066A296 /* ProfileScreen.swift in Sources */,
				42B40EC32A1901BD0066A296 /* HomeScreen+ViewModel.swift in Sources */,
				42B40ECA2A192F280066A296 /* PokemonDetailScreen.swift in Sources */,
			);
			runOnlyForDeploymentPostprocessing = 0;
		};
		42B40E8F2A17FE7D0066A296 /* Sources */ = {
			isa = PBXSourcesBuildPhase;
			buildActionMask = 2147483647;
			files = (
				42B40E982A17FE7D0066A296 /* AppShackCCTests.swift in Sources */,
			);
			runOnlyForDeploymentPostprocessing = 0;
		};
		42B40E992A17FE7D0066A296 /* Sources */ = {
			isa = PBXSourcesBuildPhase;
			buildActionMask = 2147483647;
			files = (
				42B40EA22A17FE7D0066A296 /* AppShackCCUITests.swift in Sources */,
				42B40EA42A17FE7D0066A296 /* AppShackCCUITestsLaunchTests.swift in Sources */,
			);
			runOnlyForDeploymentPostprocessing = 0;
		};
/* End PBXSourcesBuildPhase section */

/* Begin PBXTargetDependency section */
		42B40E952A17FE7D0066A296 /* PBXTargetDependency */ = {
			isa = PBXTargetDependency;
			target = 42B40E822A17FE7C0066A296 /* AppShackCC */;
			targetProxy = 42B40E942A17FE7D0066A296 /* PBXContainerItemProxy */;
		};
		42B40E9F2A17FE7D0066A296 /* PBXTargetDependency */ = {
			isa = PBXTargetDependency;
			target = 42B40E822A17FE7C0066A296 /* AppShackCC */;
			targetProxy = 42B40E9E2A17FE7D0066A296 /* PBXContainerItemProxy */;
		};
/* End PBXTargetDependency section */

/* Begin XCBuildConfiguration section */
		42B40EA52A17FE7D0066A296 /* Debug */ = {
			isa = XCBuildConfiguration;
			buildSettings = {
				ALWAYS_SEARCH_USER_PATHS = NO;
				CLANG_ANALYZER_NONNULL = YES;
				CLANG_ANALYZER_NUMBER_OBJECT_CONVERSION = YES_AGGRESSIVE;
				CLANG_CXX_LANGUAGE_STANDARD = "gnu++20";
				CLANG_ENABLE_MODULES = YES;
				CLANG_ENABLE_OBJC_ARC = YES;
				CLANG_ENABLE_OBJC_WEAK = YES;
				CLANG_WARN_BLOCK_CAPTURE_AUTORELEASING = YES;
				CLANG_WARN_BOOL_CONVERSION = YES;
				CLANG_WARN_COMMA = YES;
				CLANG_WARN_CONSTANT_CONVERSION = YES;
				CLANG_WARN_DEPRECATED_OBJC_IMPLEMENTATIONS = YES;
				CLANG_WARN_DIRECT_OBJC_ISA_USAGE = YES_ERROR;
				CLANG_WARN_DOCUMENTATION_COMMENTS = YES;
				CLANG_WARN_EMPTY_BODY = YES;
				CLANG_WARN_ENUM_CONVERSION = YES;
				CLANG_WARN_INFINITE_RECURSION = YES;
				CLANG_WARN_INT_CONVERSION = YES;
				CLANG_WARN_NON_LITERAL_NULL_CONVERSION = YES;
				CLANG_WARN_OBJC_IMPLICIT_RETAIN_SELF = YES;
				CLANG_WARN_OBJC_LITERAL_CONVERSION = YES;
				CLANG_WARN_OBJC_ROOT_CLASS = YES_ERROR;
				CLANG_WARN_QUOTED_INCLUDE_IN_FRAMEWORK_HEADER = YES;
				CLANG_WARN_RANGE_LOOP_ANALYSIS = YES;
				CLANG_WARN_STRICT_PROTOTYPES = YES;
				CLANG_WARN_SUSPICIOUS_MOVE = YES;
				CLANG_WARN_UNGUARDED_AVAILABILITY = YES_AGGRESSIVE;
				CLANG_WARN_UNREACHABLE_CODE = YES;
				CLANG_WARN__DUPLICATE_METHOD_MATCH = YES;
				COPY_PHASE_STRIP = NO;
				DEBUG_INFORMATION_FORMAT = dwarf;
				ENABLE_STRICT_OBJC_MSGSEND = YES;
				ENABLE_TESTABILITY = YES;
				GCC_C_LANGUAGE_STANDARD = gnu11;
				GCC_DYNAMIC_NO_PIC = NO;
				GCC_NO_COMMON_BLOCKS = YES;
				GCC_OPTIMIZATION_LEVEL = 0;
				GCC_PREPROCESSOR_DEFINITIONS = (
					"DEBUG=1",
					"$(inherited)",
				);
				GCC_WARN_64_TO_32_BIT_CONVERSION = YES;
				GCC_WARN_ABOUT_RETURN_TYPE = YES_ERROR;
				GCC_WARN_UNDECLARED_SELECTOR = YES;
				GCC_WARN_UNINITIALIZED_AUTOS = YES_AGGRESSIVE;
				GCC_WARN_UNUSED_FUNCTION = YES;
				GCC_WARN_UNUSED_VARIABLE = YES;
				IPHONEOS_DEPLOYMENT_TARGET = 16.4;
				MTL_ENABLE_DEBUG_INFO = INCLUDE_SOURCE;
				MTL_FAST_MATH = YES;
				ONLY_ACTIVE_ARCH = YES;
				SDKROOT = iphoneos;
				SWIFT_ACTIVE_COMPILATION_CONDITIONS = DEBUG;
				SWIFT_OPTIMIZATION_LEVEL = "-Onone";
			};
			name = Debug;
		};
		42B40EA62A17FE7D0066A296 /* Release */ = {
			isa = XCBuildConfiguration;
			buildSettings = {
				ALWAYS_SEARCH_USER_PATHS = NO;
				CLANG_ANALYZER_NONNULL = YES;
				CLANG_ANALYZER_NUMBER_OBJECT_CONVERSION = YES_AGGRESSIVE;
				CLANG_CXX_LANGUAGE_STANDARD = "gnu++20";
				CLANG_ENABLE_MODULES = YES;
				CLANG_ENABLE_OBJC_ARC = YES;
				CLANG_ENABLE_OBJC_WEAK = YES;
				CLANG_WARN_BLOCK_CAPTURE_AUTORELEASING = YES;
				CLANG_WARN_BOOL_CONVERSION = YES;
				CLANG_WARN_COMMA = YES;
				CLANG_WARN_CONSTANT_CONVERSION = YES;
				CLANG_WARN_DEPRECATED_OBJC_IMPLEMENTATIONS = YES;
				CLANG_WARN_DIRECT_OBJC_ISA_USAGE = YES_ERROR;
				CLANG_WARN_DOCUMENTATION_COMMENTS = YES;
				CLANG_WARN_EMPTY_BODY = YES;
				CLANG_WARN_ENUM_CONVERSION = YES;
				CLANG_WARN_INFINITE_RECURSION = YES;
				CLANG_WARN_INT_CONVERSION = YES;
				CLANG_WARN_NON_LITERAL_NULL_CONVERSION = YES;
				CLANG_WARN_OBJC_IMPLICIT_RETAIN_SELF = YES;
				CLANG_WARN_OBJC_LITERAL_CONVERSION = YES;
				CLANG_WARN_OBJC_ROOT_CLASS = YES_ERROR;
				CLANG_WARN_QUOTED_INCLUDE_IN_FRAMEWORK_HEADER = YES;
				CLANG_WARN_RANGE_LOOP_ANALYSIS = YES;
				CLANG_WARN_STRICT_PROTOTYPES = YES;
				CLANG_WARN_SUSPICIOUS_MOVE = YES;
				CLANG_WARN_UNGUARDED_AVAILABILITY = YES_AGGRESSIVE;
				CLANG_WARN_UNREACHABLE_CODE = YES;
				CLANG_WARN__DUPLICATE_METHOD_MATCH = YES;
				COPY_PHASE_STRIP = NO;
				DEBUG_INFORMATION_FORMAT = "dwarf-with-dsym";
				ENABLE_NS_ASSERTIONS = NO;
				ENABLE_STRICT_OBJC_MSGSEND = YES;
				GCC_C_LANGUAGE_STANDARD = gnu11;
				GCC_NO_COMMON_BLOCKS = YES;
				GCC_WARN_64_TO_32_BIT_CONVERSION = YES;
				GCC_WARN_ABOUT_RETURN_TYPE = YES_ERROR;
				GCC_WARN_UNDECLARED_SELECTOR = YES;
				GCC_WARN_UNINITIALIZED_AUTOS = YES_AGGRESSIVE;
				GCC_WARN_UNUSED_FUNCTION = YES;
				GCC_WARN_UNUSED_VARIABLE = YES;
				IPHONEOS_DEPLOYMENT_TARGET = 16.4;
				MTL_ENABLE_DEBUG_INFO = NO;
				MTL_FAST_MATH = YES;
				SDKROOT = iphoneos;
				SWIFT_COMPILATION_MODE = wholemodule;
				SWIFT_OPTIMIZATION_LEVEL = "-O";
				VALIDATE_PRODUCT = YES;
			};
			name = Release;
		};
		42B40EA82A17FE7D0066A296 /* Debug */ = {
			isa = XCBuildConfiguration;
			buildSettings = {
				ASSETCATALOG_COMPILER_APPICON_NAME = AppIcon;
				ASSETCATALOG_COMPILER_GLOBAL_ACCENT_COLOR_NAME = AccentColor;
				CODE_SIGN_STYLE = Automatic;
				CURRENT_PROJECT_VERSION = 1;
				DEVELOPMENT_ASSET_PATHS = "\"AppShackCC/Preview Content\"";
				DEVELOPMENT_TEAM = 4P2ZN429T8;
				ENABLE_PREVIEWS = YES;
				GENERATE_INFOPLIST_FILE = YES;
				INFOPLIST_KEY_UIApplicationSceneManifest_Generation = YES;
				INFOPLIST_KEY_UIApplicationSupportsIndirectInputEvents = YES;
				INFOPLIST_KEY_UILaunchScreen_Generation = YES;
				INFOPLIST_KEY_UISupportedInterfaceOrientations_iPad = "UIInterfaceOrientationPortrait UIInterfaceOrientationPortraitUpsideDown UIInterfaceOrientationLandscapeLeft UIInterfaceOrientationLandscapeRight";
				INFOPLIST_KEY_UISupportedInterfaceOrientations_iPhone = "UIInterfaceOrientationPortrait UIInterfaceOrientationLandscapeLeft UIInterfaceOrientationLandscapeRight";
				IPHONEOS_DEPLOYMENT_TARGET = 16.0;
				LD_RUNPATH_SEARCH_PATHS = (
					"$(inherited)",
					"@executable_path/Frameworks",
				);
				MARKETING_VERSION = 1.0;
				PRODUCT_BUNDLE_IDENTIFIER = com.nasirimehr.AppShackCC;
				PRODUCT_NAME = "$(TARGET_NAME)";
				SWIFT_EMIT_LOC_STRINGS = YES;
				SWIFT_VERSION = 5.0;
				TARGETED_DEVICE_FAMILY = "1,2";
			};
			name = Debug;
		};
		42B40EA92A17FE7D0066A296 /* Release */ = {
			isa = XCBuildConfiguration;
			buildSettings = {
				ASSETCATALOG_COMPILER_APPICON_NAME = AppIcon;
				ASSETCATALOG_COMPILER_GLOBAL_ACCENT_COLOR_NAME = AccentColor;
				CODE_SIGN_STYLE = Automatic;
				CURRENT_PROJECT_VERSION = 1;
				DEVELOPMENT_ASSET_PATHS = "\"AppShackCC/Preview Content\"";
				DEVELOPMENT_TEAM = 4P2ZN429T8;
				ENABLE_PREVIEWS = YES;
				GENERATE_INFOPLIST_FILE = YES;
				INFOPLIST_KEY_UIApplicationSceneManifest_Generation = YES;
				INFOPLIST_KEY_UIApplicationSupportsIndirectInputEvents = YES;
				INFOPLIST_KEY_UILaunchScreen_Generation = YES;
				INFOPLIST_KEY_UISupportedInterfaceOrientations_iPad = "UIInterfaceOrientationPortrait UIInterfaceOrientationPortraitUpsideDown UIInterfaceOrientationLandscapeLeft UIInterfaceOrientationLandscapeRight";
				INFOPLIST_KEY_UISupportedInterfaceOrientations_iPhone = "UIInterfaceOrientationPortrait UIInterfaceOrientationLandscapeLeft UIInterfaceOrientationLandscapeRight";
				IPHONEOS_DEPLOYMENT_TARGET = 16.0;
				LD_RUNPATH_SEARCH_PATHS = (
					"$(inherited)",
					"@executable_path/Frameworks",
				);
				MARKETING_VERSION = 1.0;
				PRODUCT_BUNDLE_IDENTIFIER = com.nasirimehr.AppShackCC;
				PRODUCT_NAME = "$(TARGET_NAME)";
				SWIFT_EMIT_LOC_STRINGS = YES;
				SWIFT_VERSION = 5.0;
				TARGETED_DEVICE_FAMILY = "1,2";
			};
			name = Release;
		};
		42B40EAB2A17FE7D0066A296 /* Debug */ = {
			isa = XCBuildConfiguration;
			buildSettings = {
				ALWAYS_EMBED_SWIFT_STANDARD_LIBRARIES = YES;
				BUNDLE_LOADER = "$(TEST_HOST)";
				CODE_SIGN_STYLE = Automatic;
				CURRENT_PROJECT_VERSION = 1;
				DEVELOPMENT_TEAM = 4P2ZN429T8;
				GENERATE_INFOPLIST_FILE = YES;
				IPHONEOS_DEPLOYMENT_TARGET = 16.4;
				MARKETING_VERSION = 1.0;
				PRODUCT_BUNDLE_IDENTIFIER = com.nasirimehr.AppShackCCTests;
				PRODUCT_NAME = "$(TARGET_NAME)";
				SWIFT_EMIT_LOC_STRINGS = NO;
				SWIFT_VERSION = 5.0;
				TARGETED_DEVICE_FAMILY = "1,2";
				TEST_HOST = "$(BUILT_PRODUCTS_DIR)/AppShackCC.app/$(BUNDLE_EXECUTABLE_FOLDER_PATH)/AppShackCC";
			};
			name = Debug;
		};
		42B40EAC2A17FE7D0066A296 /* Release */ = {
			isa = XCBuildConfiguration;
			buildSettings = {
				ALWAYS_EMBED_SWIFT_STANDARD_LIBRARIES = YES;
				BUNDLE_LOADER = "$(TEST_HOST)";
				CODE_SIGN_STYLE = Automatic;
				CURRENT_PROJECT_VERSION = 1;
				DEVELOPMENT_TEAM = 4P2ZN429T8;
				GENERATE_INFOPLIST_FILE = YES;
				IPHONEOS_DEPLOYMENT_TARGET = 16.4;
				MARKETING_VERSION = 1.0;
				PRODUCT_BUNDLE_IDENTIFIER = com.nasirimehr.AppShackCCTests;
				PRODUCT_NAME = "$(TARGET_NAME)";
				SWIFT_EMIT_LOC_STRINGS = NO;
				SWIFT_VERSION = 5.0;
				TARGETED_DEVICE_FAMILY = "1,2";
				TEST_HOST = "$(BUILT_PRODUCTS_DIR)/AppShackCC.app/$(BUNDLE_EXECUTABLE_FOLDER_PATH)/AppShackCC";
			};
			name = Release;
		};
		42B40EAE2A17FE7D0066A296 /* Debug */ = {
			isa = XCBuildConfiguration;
			buildSettings = {
				ALWAYS_EMBED_SWIFT_STANDARD_LIBRARIES = YES;
				CODE_SIGN_STYLE = Automatic;
				CURRENT_PROJECT_VERSION = 1;
				DEVELOPMENT_TEAM = 4P2ZN429T8;
				GENERATE_INFOPLIST_FILE = YES;
				MARKETING_VERSION = 1.0;
				PRODUCT_BUNDLE_IDENTIFIER = com.nasirimehr.AppShackCCUITests;
				PRODUCT_NAME = "$(TARGET_NAME)";
				SWIFT_EMIT_LOC_STRINGS = NO;
				SWIFT_VERSION = 5.0;
				TARGETED_DEVICE_FAMILY = "1,2";
				TEST_TARGET_NAME = AppShackCC;
			};
			name = Debug;
		};
		42B40EAF2A17FE7D0066A296 /* Release */ = {
			isa = XCBuildConfiguration;
			buildSettings = {
				ALWAYS_EMBED_SWIFT_STANDARD_LIBRARIES = YES;
				CODE_SIGN_STYLE = Automatic;
				CURRENT_PROJECT_VERSION = 1;
				DEVELOPMENT_TEAM = 4P2ZN429T8;
				GENERATE_INFOPLIST_FILE = YES;
				MARKETING_VERSION = 1.0;
				PRODUCT_BUNDLE_IDENTIFIER = com.nasirimehr.AppShackCCUITests;
				PRODUCT_NAME = "$(TARGET_NAME)";
				SWIFT_EMIT_LOC_STRINGS = NO;
				SWIFT_VERSION = 5.0;
				TARGETED_DEVICE_FAMILY = "1,2";
				TEST_TARGET_NAME = AppShackCC;
			};
			name = Release;
		};
/* End XCBuildConfiguration section */

/* Begin XCConfigurationList section */
		42B40E7E2A17FE7C0066A296 /* Build configuration list for PBXProject "AppShackCC" */ = {
			isa = XCConfigurationList;
			buildConfigurations = (
				42B40EA52A17FE7D0066A296 /* Debug */,
				42B40EA62A17FE7D0066A296 /* Release */,
			);
			defaultConfigurationIsVisible = 0;
			defaultConfigurationName = Release;
		};
		42B40EA72A17FE7D0066A296 /* Build configuration list for PBXNativeTarget "AppShackCC" */ = {
			isa = XCConfigurationList;
			buildConfigurations = (
				42B40EA82A17FE7D0066A296 /* Debug */,
				42B40EA92A17FE7D0066A296 /* Release */,
			);
			defaultConfigurationIsVisible = 0;
			defaultConfigurationName = Release;
		};
		42B40EAA2A17FE7D0066A296 /* Build configuration list for PBXNativeTarget "AppShackCCTests" */ = {
			isa = XCConfigurationList;
			buildConfigurations = (
				42B40EAB2A17FE7D0066A296 /* Debug */,
				42B40EAC2A17FE7D0066A296 /* Release */,
			);
			defaultConfigurationIsVisible = 0;
			defaultConfigurationName = Release;
		};
		42B40EAD2A17FE7D0066A296 /* Build configuration list for PBXNativeTarget "AppShackCCUITests" */ = {
			isa = XCConfigurationList;
			buildConfigurations = (
				42B40EAE2A17FE7D0066A296 /* Debug */,
				42B40EAF2A17FE7D0066A296 /* Release */,
			);
			defaultConfigurationIsVisible = 0;
			defaultConfigurationName = Release;
		};
/* End XCConfigurationList section */

/* Begin XCRemoteSwiftPackageReference section */
		42B40EC42A1922490066A296 /* XCRemoteSwiftPackageReference "SkeletonUI" */ = {
			isa = XCRemoteSwiftPackageReference;
			repositoryURL = "https://github.com/CSolanaM/SkeletonUI.git";
			requirement = {
				kind = upToNextMajorVersion;
				minimumVersion = 1.0.0;
			};
		};
/* End XCRemoteSwiftPackageReference section */

/* Begin XCSwiftPackageProductDependency section */
		42B40EC52A19224A0066A296 /* SkeletonUI */ = {
			isa = XCSwiftPackageProductDependency;
			package = 42B40EC42A1922490066A296 /* XCRemoteSwiftPackageReference "SkeletonUI" */;
			productName = SkeletonUI;
		};
/* End XCSwiftPackageProductDependency section */
	};
	rootObject = 42B40E7B2A17FE7C0066A296 /* Project object */;
}
